
Microsoft Visual Studio Solution File, Format Version 12.00
# Visual Studio Version 17
VisualStudioVersion = 17.7.34024.191
MinimumVisualStudioVersion = 10.0.40219.1
Project("{FAE04EC0-301F-11D3-BF4B-00C04F79EFBC}") = "UseCase14", "UseCase14.csproj", "{421AD26D-41C5-4647-8046-158F15EEA316}"
EndProject
Global
	GlobalSection(SolutionConfigurationPlatforms) = preSolution
		Debug|Any CPU = Debug|Any CPU
		Release|Any CPU = Release|Any CPU
	EndGlobalSection
	GlobalSection(ProjectConfigurationPlatforms) = postSolution
		{421AD26D-41C5-4647-8046-158F15EEA316}.Debug|Any CPU.ActiveCfg = Debug|Any CPU
		{421AD26D-41C5-4647-8046-158F15EEA316}.Debug|Any CPU.Build.0 = Debug|Any CPU
		{421AD26D-41C5-4647-8046-158F15EEA316}.Release|Any CPU.ActiveCfg = Release|Any CPU
		{421AD26D-41C5-4647-8046-158F15EEA316}.Release|Any CPU.Build.0 = Release|Any CPU
	EndGlobalSection
	GlobalSection(SolutionProperties) = preSolution
		HideSolutionNode = FALSE
	EndGlobalSection
	GlobalSection(ExtensibilityGlobals) = postSolution
		SolutionGuid = {7111EDF6-4B06-42C2-ABA0-8656A242DE5F}
	EndGlobalSection
EndGlobal
